<?xml version="1.0" encoding="utf-8"?>
<Project ToolsVersion="4.0" xmlns="http://schemas.microsoft.com/developer/msbuild/2003">
  <ItemGroup>
    <Filter Include="Source Files">
      <UniqueIdentifier>{4FC737F1-C7A5-4376-A066-2A32D752A2FF}</UniqueIdentifier>
      <Extensions>cpp;c;cc;cxx;def;odl;idl;hpj;bat;asm;asmx</Extensions>
    </Filter>
    <Filter Include="Header Files">
      <UniqueIdentifier>{93995380-89BD-4b04-88EB-625FBE52EBFB}</UniqueIdentifier>
      <Extensions>h;hh;hpp;hxx;hm;inl;inc;xsd</Extensions>
    </Filter>
    <Filter Include="Resource Files">
      <UniqueIdentifier>{67DA6AB6-F800-4c08-8B7A-83BB121AAD01}</UniqueIdentifier>
      <Extensions>rc;ico;cur;bmp;dlg;rc2;rct;bin;rgs;gif;jpg;jpeg;jpe;resx;tiff;tif;png;wav;mfcribbon-ms</Extensions>
    </Filter>
  </ItemGroup>
  <ItemGroup>
    <ClInclude Include="Include\stdafx.h">
      <Filter>Header Files</Filter>
    </ClInclude>
    <ClInclude Include="Include\targetver.h">
      <Filter>Header Files</Filter>
    </ClInclude>
    <ClInclude Include="Include\javasample_JDevice.h">
      <Filter>Header Files</Filter>
    </ClInclude>
    <ClInclude Include="Include\javasample_JSystem.h">
      <Filter>Header Files</Filter>
    </ClInclude>
    <ClInclude Include="Include\Logger.h">
      <Filter>Header Files</Filter>
    </ClInclude>
    <ClInclude Include="Include\JniUtils.h">
      <Filter>Header Files</Filter>
    </ClInclude>
    <ClInclude Include="Include\JSystem.h">
      <Filter>Header Files</Filter>
    </ClInclude>
    <ClInclude Include="Include\JDevice.h">
      <Filter>Header Files</Filter>
    </ClInclude>
    <ClInclude Include="Include\JExport.h">
      <Filter>Header Files</Filter>
    </ClInclude>
    <ClInclude Include="Include\javasample_JExport.h">
      <Filter>Header Files</Filter>
    </ClInclude>
    <ClInclude Include="Include\JDatasource.h">
      <Filter>Header Files</Filter>
    </ClInclude>
    <ClInclude Include="Include\javasample_JDataSource.h">
      <Filter>Header Files</Filter>
    </ClInclude>
    <ClInclude Include="Include\JClip.h">
      <Filter>Header Files</Filter>
    </ClInclude>
    <ClInclude Include="Include\JDataInterface.h">
      <Filter>Header Files</Filter>
    </ClInclude>
    <ClInclude Include="Include\javasample_JMediaControl.h">
      <Filter>Header Files</Filter>
    </ClInclude>
    <ClInclude Include="Include\javasample_JSituation.h">
      <Filter>Header Files</Filter>
    </ClInclude>
    <ClInclude Include="Include\JSituation.h">
      <Filter>Header Files</Filter>
    </ClInclude>
    <ClInclude Include="Include\javasample_Win32.h">
      <Filter>Header Files</Filter>
    </ClInclude>
    <ClInclude Include="Include\javasample_JPTZController.h">
      <Filter>Header Files</Filter>
    </ClInclude>
    <ClInclude Include="Include\JPTZController.h">
      <Filter>Header Files</Filter>
    </ClInclude>
    <ClInclude Include="Include\Constants.h">
      <Filter>Header Files</Filter>
    </ClInclude>
    <ClInclude Include="Include\javasample_JEvent.h">
      <Filter>Header Files</Filter>
    </ClInclude>
    <ClInclude Include="Include\JEvent.h">
      <Filter>Header Files</Filter>
    </ClInclude>
    <ClInclude Include="Include\JMediaControl.h">
      <Filter>Header Files</Filter>
    </ClInclude>
  </ItemGroup>
  <ItemGroup>
    <ClCompile Include="Source\JSystem.cpp">
      <Filter>Source Files</Filter>
    </ClCompile>
    <ClCompile Include="Source\stdafx.cpp">
      <Filter>Source Files</Filter>
    </ClCompile>
    <ClCompile Include="Source\Logger.cpp">
      <Filter>Source Files</Filter>
    </ClCompile>
    <ClCompile Include="Source\JniUtils.cpp">
      <Filter>Source Files</Filter>
    </ClCompile>
    <ClCompile Include="Source\JDatasource.cpp">
      <Filter>Source Files</Filter>
    </ClCompile>
    <ClCompile Include="Source\JDevice.cpp">
      <Filter>Source Files</Filter>
    </ClCompile>
    <ClCompile Include="Source\JMediaControl.cpp">
      <Filter>Source Files</Filter>
    </ClCompile>
    <ClCompile Include="Source\Win32.cpp">
      <Filter>Source Files</Filter>
    </ClCompile>
    <ClCompile Include="Source\JPTZController.cpp">
      <Filter>Source Files</Filter>
    </ClCompile>
  </ItemGroup>
</Project>