<?xml version="1.0" encoding="utf-8"?>
<Project ToolsVersion="4.0" xmlns="http://schemas.microsoft.com/developer/msbuild/2003">
  <ItemGroup>
    <Filter Include="Source Files">
      <UniqueIdentifier>{4FC737F1-C7A5-4376-A066-2A32D752A2FF}</UniqueIdentifier>
      <Extensions>cpp;c;cc;cxx;def;odl;idl;hpj;bat;asm;asmx</Extensions>
    </Filter>
    <Filter Include="Header Files">
      <UniqueIdentifier>{93995380-89BD-4b04-88EB-625FBE52EBFB}</UniqueIdentifier>
      <Extensions>h;hh;hpp;hxx;hm;inl;inc;xsd</Extensions>
    </Filter>
  </ItemGroup>
  <ItemGroup>
    <ClInclude Include="CSharpSample\CSharpWrapper\Include\NewEvent.h">
      <Filter>Header Files</Filter>
    </ClInclude>
    <ClInclude Include="CSharpSample\CSharpWrapper\Include\NewSituation.h">
      <Filter>Header Files</Filter>
    </ClInclude>
    <ClInclude Include="CSharpSample\CSharpWrapper\Include\MediaControl.h">
      <Filter>Header Files</Filter>
    </ClInclude>
    <ClInclude Include="CSharpSample\CSharpWrapper\Include\MediaEvent.h">
      <Filter>Header Files</Filter>
    </ClInclude>
    <ClInclude Include="CSharpSample\CSharpWrapper\Include\Utils.h">
      <Filter>Header Files</Filter>
    </ClInclude>
    <ClInclude Include="CSharpSample\CSharpWrapper\Include\Clip.h">
      <Filter>Header Files</Filter>
    </ClInclude>
    <ClInclude Include="CSharpSample\CSharpWrapper\Include\DataInterface.h">
      <Filter>Header Files</Filter>
    </ClInclude>
    <ClInclude Include="CSharpSample\CSharpWrapper\Include\DataSession.h">
      <Filter>Header Files</Filter>
    </ClInclude>
    <ClInclude Include="CSharpSample\CSharpWrapper\Include\DataSource.h">
      <Filter>Header Files</Filter>
    </ClInclude>
    <ClInclude Include="CSharpSample\CSharpWrapper\Include\Device.h">
      <Filter>Header Files</Filter>
    </ClInclude>
    <ClInclude Include="CSharpSample\CSharpWrapper\Include\Event.h">
      <Filter>Header Files</Filter>
    </ClInclude>
    <ClInclude Include="CSharpSample\CSharpWrapper\Include\Export.h">
      <Filter>Header Files</Filter>
    </ClInclude>
    <ClInclude Include="CSharpSample\CSharpWrapper\Include\ExportClip.h">
      <Filter>Header Files</Filter>
    </ClInclude>
    <ClInclude Include="CSharpSample\CSharpWrapper\Include\NewExport.h">
      <Filter>Header Files</Filter>
    </ClInclude>
    <ClInclude Include="CSharpSample\CSharpWrapper\Include\NewExportClip.h">
      <Filter>Header Files</Filter>
    </ClInclude>
    <ClInclude Include="CSharpSample\CSharpWrapper\Include\Pattern.h">
      <Filter>Header Files</Filter>
    </ClInclude>
    <ClInclude Include="CSharpSample\CSharpWrapper\Include\Preset.h">
      <Filter>Header Files</Filter>
    </ClInclude>
    <ClInclude Include="CSharpSample\CSharpWrapper\Include\PtzController.h">
      <Filter>Header Files</Filter>
    </ClInclude>
    <ClInclude Include="CSharpSample\CSharpWrapper\Include\Situation.h">
      <Filter>Header Files</Filter>
    </ClInclude>
    <ClInclude Include="CSharpSample\CSharpWrapper\Include\VXSystem.h">
      <Filter>Header Files</Filter>
    </ClInclude>
    <ClInclude Include="CSharpSample\CSharpWrapper\Include\SnapshotFilter.h">
      <Filter>Header Files</Filter>
    </ClInclude>
    <ClInclude Include="CSharpSample\CSharpWrapper\Include\Bookmark.h">
      <Filter>Header Files</Filter>
    </ClInclude>
    <ClInclude Include="CSharpSample\CSharpWrapper\Include\NewBookmark.h">
      <Filter>Header Files</Filter>
    </ClInclude>
    <ClInclude Include="CSharpSample\CSharpWrapper\Include\NewSchedule.h">
      <Filter>Header Files</Filter>
    </ClInclude>
    <ClInclude Include="CSharpSample\CSharpWrapper\Include\NewScheduleTrigger.h">
      <Filter>Header Files</Filter>
    </ClInclude>
    <ClInclude Include="CSharpSample\CSharpWrapper\Include\Schedule.h">
      <Filter>Header Files</Filter>
    </ClInclude>
    <ClInclude Include="CSharpSample\CSharpWrapper\Include\ScheduleTrigger.h">
      <Filter>Header Files</Filter>
    </ClInclude>
    <ClInclude Include="CSharpSample\CSharpWrapper\Include\DataStorage.h">
      <Filter>Header Files</Filter>
    </ClInclude>
    <ClInclude Include="CSharpSample\CSharpWrapper\Include\DeviceAssignment.h">
      <Filter>Header Files</Filter>
    </ClInclude>
    <ClInclude Include="CSharpSample\CSharpWrapper\Include\Driver.h">
      <Filter>Header Files</Filter>
    </ClInclude>
    <ClInclude Include="CSharpSample\CSharpWrapper\Include\NewDeviceAssignment.h">
      <Filter>Header Files</Filter>
    </ClInclude>
    <ClInclude Include="CSharpSample\CSharpWrapper\Include\PtzLock.h">
      <Filter>Header Files</Filter>
    </ClInclude>
    <ClInclude Include="CSharpSample\CSharpWrapper\Include\NewTag.h">
      <Filter>Header Files</Filter>
    </ClInclude>
    <ClInclude Include="CSharpSample\CSharpWrapper\Include\Tag.h">
      <Filter>Header Files</Filter>
    </ClInclude>
    <ClInclude Include="CSharpSample\CSharpWrapper\Include\NewPrivilege.h">
      <Filter>Header Files</Filter>
    </ClInclude>
    <ClInclude Include="CSharpSample\CSharpWrapper\Include\NewUser.h">
      <Filter>Header Files</Filter>
    </ClInclude>
    <ClInclude Include="CSharpSample\CSharpWrapper\Include\Privilege.h">
      <Filter>Header Files</Filter>
    </ClInclude>
    <ClInclude Include="CSharpSample\CSharpWrapper\Include\Role.h">
      <Filter>Header Files</Filter>
    </ClInclude>
    <ClInclude Include="CSharpSample\CSharpWrapper\Include\User.h">
      <Filter>Header Files</Filter>
    </ClInclude>
    <ClInclude Include="CSharpSample\CSharpWrapper\Include\DataObject.h">
      <Filter>Header Files</Filter>
    </ClInclude>
    <ClInclude Include="CSharpSample\CSharpWrapper\Include\NewDataObject.h">
      <Filter>Header Files</Filter>
    </ClInclude>
  </ItemGroup>
  <ItemGroup>
    <ClCompile Include="CSharpSample\CSharpWrapper\Source\MediaControl.cpp">
      <Filter>Source Files</Filter>
    </ClCompile>
    <ClCompile Include="CSharpSample\CSharpWrapper\Source\Clip.cpp">
      <Filter>Source Files</Filter>
    </ClCompile>
    <ClCompile Include="CSharpSample\CSharpWrapper\Source\DataInterface.cpp">
      <Filter>Source Files</Filter>
    </ClCompile>
    <ClCompile Include="CSharpSample\CSharpWrapper\Source\DataSource.cpp">
      <Filter>Source Files</Filter>
    </ClCompile>
    <ClCompile Include="CSharpSample\CSharpWrapper\Source\Device.cpp">
      <Filter>Source Files</Filter>
    </ClCompile>
    <ClCompile Include="CSharpSample\CSharpWrapper\Source\Export.cpp">
      <Filter>Source Files</Filter>
    </ClCompile>
    <ClCompile Include="CSharpSample\CSharpWrapper\Source\ExportClip.cpp">
      <Filter>Source Files</Filter>
    </ClCompile>
    <ClCompile Include="CSharpSample\CSharpWrapper\Source\NewExport.cpp">
      <Filter>Source Files</Filter>
    </ClCompile>
    <ClCompile Include="CSharpSample\CSharpWrapper\Source\Pattern.cpp">
      <Filter>Source Files</Filter>
    </ClCompile>
    <ClCompile Include="CSharpSample\CSharpWrapper\Source\Preset.cpp">
      <Filter>Source Files</Filter>
    </ClCompile>
    <ClCompile Include="CSharpSample\CSharpWrapper\Source\PtzController.cpp">
      <Filter>Source Files</Filter>
    </ClCompile>
    <ClCompile Include="CSharpSample\CSharpWrapper\Source\Situation.cpp">
      <Filter>Source Files</Filter>
    </ClCompile>
    <ClCompile Include="CSharpSample\CSharpWrapper\Source\VXSystem.cpp">
      <Filter>Source Files</Filter>
    </ClCompile>
    <ClCompile Include="CSharpSample\CSharpWrapper\Resources\AssemblyInfo.cpp">
      <Filter>Source Files</Filter>
    </ClCompile>
    <ClCompile Include="CSharpSample\CSharpWrapper\Source\Bookmark.cpp">
      <Filter>Source Files</Filter>
    </ClCompile>
    <ClCompile Include="CSharpSample\CSharpWrapper\Source\NewSchedule.cpp">
      <Filter>Source Files</Filter>
    </ClCompile>
    <ClCompile Include="CSharpSample\CSharpWrapper\Source\Schedule.cpp">
      <Filter>Source Files</Filter>
    </ClCompile>
    <ClCompile Include="CSharpSample\CSharpWrapper\Source\ScheduleTrigger.cpp">
      <Filter>Source Files</Filter>
    </ClCompile>
    <ClCompile Include="CSharpSample\CSharpWrapper\Source\DataStorage.cpp">
      <Filter>Source Files</Filter>
    </ClCompile>
    <ClCompile Include="CSharpSample\CSharpWrapper\Source\DeviceAssignment.cpp">
      <Filter>Source Files</Filter>
    </ClCompile>
    <ClCompile Include="CSharpSample\CSharpWrapper\Source\Driver.cpp">
      <Filter>Source Files</Filter>
    </ClCompile>
    <ClCompile Include="CSharpSample\CSharpWrapper\Source\PtzLock.cpp">
      <Filter>Source Files</Filter>
    </ClCompile>
    <ClCompile Include="CSharpSample\CSharpWrapper\Source\Tag.cpp">
      <Filter>Source Files</Filter>
    </ClCompile>
    <ClCompile Include="CSharpSample\CSharpWrapper\Source\Privilege.cpp">
      <Filter>Source Files</Filter>
    </ClCompile>
    <ClCompile Include="CSharpSample\CSharpWrapper\Source\Role.cpp">
      <Filter>Source Files</Filter>
    </ClCompile>
    <ClCompile Include="CSharpSample\CSharpWrapper\Source\User.cpp">
      <Filter>Source Files</Filter>
    </ClCompile>
    <ClCompile Include="CSharpSample\CSharpWrapper\Source\DataObject.cpp">
      <Filter>Source Files</Filter>
    </ClCompile>
  </ItemGroup>
</Project>