<?xml version="1.0" encoding="utf-8"?>
<Project ToolsVersion="4.0" xmlns="http://schemas.microsoft.com/developer/msbuild/2003">
  <ItemGroup>
    <Filter Include="Source Files">
      <UniqueIdentifier>{4FC737F1-C7A5-4376-A066-2A32D752A2FF}</UniqueIdentifier>
      <Extensions>cpp;c;cc;cxx;def;odl;idl;hpj;bat;asm;asmx</Extensions>
    </Filter>
    <Filter Include="Header Files">
      <UniqueIdentifier>{93995380-89BD-4b04-88EB-625FBE52EBFB}</UniqueIdentifier>
      <Extensions>h;hh;hpp;hxx;hm;inl;inc;xsd</Extensions>
    </Filter>
  </ItemGroup>
  <ItemGroup>
    <ClInclude Include="Include\Device.h">
      <Filter>Header Files</Filter>
    </ClInclude>
    <ClInclude Include="Include\DataSource.h">
      <Filter>Header Files</Filter>
    </ClInclude>
    <ClInclude Include="Include\DataInterface.h">
      <Filter>Header Files</Filter>
    </ClInclude>
    <ClInclude Include="Include\Utils.h">
      <Filter>Header Files</Filter>
    </ClInclude>
    <ClInclude Include="Include\Clip.h">
      <Filter>Header Files</Filter>
    </ClInclude>
    <ClInclude Include="Include\VXSystem.h">
      <Filter>Header Files</Filter>
    </ClInclude>
    <ClInclude Include="Include\Event.h">
      <Filter>Header Files</Filter>
    </ClInclude>
    <ClInclude Include="Include\DataSession.h">
      <Filter>Header Files</Filter>
    </ClInclude>
    <ClInclude Include="Include\Pattern.h">
      <Filter>Header Files</Filter>
    </ClInclude>
    <ClInclude Include="Include\Preset.h">
      <Filter>Header Files</Filter>
    </ClInclude>
    <ClInclude Include="Include\PtzController.h">
      <Filter>Header Files</Filter>
    </ClInclude>
    <ClInclude Include="Include\Export.h">
      <Filter>Header Files</Filter>
    </ClInclude>
    <ClInclude Include="Include\ExportClip.h">
      <Filter>Header Files</Filter>
    </ClInclude>
    <ClInclude Include="Include\NewExport.h">
      <Filter>Header Files</Filter>
    </ClInclude>
    <ClInclude Include="Include\NewExportClip.h">
      <Filter>Header Files</Filter>
    </ClInclude>
    <ClInclude Include="Include\MediaControl.h">
      <Filter>Header Files</Filter>
    </ClInclude>
    <ClInclude Include="Include\MediaEvent.h">
      <Filter>Header Files</Filter>
    </ClInclude>
    <ClInclude Include="Include\Situation.h">
      <Filter>Header Files</Filter>
    </ClInclude>
    <ClInclude Include="Include\NewSituation.h">
      <Filter>Header Files</Filter>
    </ClInclude>
    <ClInclude Include="Include\NewEvent.h">
      <Filter>Header Files</Filter>
    </ClInclude>
  </ItemGroup>
  <ItemGroup>
    <ClCompile Include="Source\VXSystem.cpp">
      <Filter>Source Files</Filter>
    </ClCompile>
    <ClCompile Include="AssemblyInfo.cpp" />
    <ClCompile Include="Source\Clip.cpp">
      <Filter>Source Files</Filter>
    </ClCompile>
    <ClCompile Include="Source\DataInterface.cpp">
      <Filter>Source Files</Filter>
    </ClCompile>
    <ClCompile Include="Source\DataSource.cpp">
      <Filter>Source Files</Filter>
    </ClCompile>
    <ClCompile Include="Source\Device.cpp">
      <Filter>Source Files</Filter>
    </ClCompile>
    <ClCompile Include="Source\Pattern.cpp">
      <Filter>Source Files</Filter>
    </ClCompile>
    <ClCompile Include="Source\Preset.cpp">
      <Filter>Source Files</Filter>
    </ClCompile>
    <ClCompile Include="Source\PtzController.cpp">
      <Filter>Source Files</Filter>
    </ClCompile>
    <ClCompile Include="Source\Export.cpp">
      <Filter>Source Files</Filter>
    </ClCompile>
    <ClCompile Include="Source\ExportClip.cpp">
      <Filter>Source Files</Filter>
    </ClCompile>
    <ClCompile Include="Source\NewExport.cpp">
      <Filter>Source Files</Filter>
    </ClCompile>
    <ClCompile Include="Source\MediaControl.cpp">
      <Filter>Source Files</Filter>
    </ClCompile>
    <ClCompile Include="Source\Situation.cpp">
      <Filter>Source Files</Filter>
    </ClCompile>
  </ItemGroup>
</Project>