<?xml version="1.0" encoding="utf-8"?>
<Project ToolsVersion="4.0" xmlns="http://schemas.microsoft.com/developer/msbuild/2003">
  <ItemGroup>
    <Filter Include="Source Files">
      <UniqueIdentifier>{4FC737F1-C7A5-4376-A066-2A32D752A2FF}</UniqueIdentifier>
      <Extensions>cpp;c;cc;cxx;def;odl;idl;hpj;bat;asm;asmx</Extensions>
    </Filter>
    <Filter Include="Header Files">
      <UniqueIdentifier>{93995380-89BD-4b04-88EB-625FBE52EBFB}</UniqueIdentifier>
      <Extensions>h;hh;hpp;hxx;hm;inl;inc;xsd</Extensions>
    </Filter>
    <Filter Include="Resource Files">
      <UniqueIdentifier>{67DA6AB6-F800-4c08-8B7A-83BB121AAD01}</UniqueIdentifier>
      <Extensions>rc;ico;cur;bmp;dlg;rc2;rct;bin;rgs;gif;jpg;jpeg;jpe;resx;tiff;tif;png;wav;mfcribbon-ms</Extensions>
    </Filter>
  </ItemGroup>
  <ItemGroup>
    <ClInclude Include="Include\Clip.h">
      <Filter>Header Files</Filter>
    </ClInclude>
    <ClInclude Include="Include\Constants.h">
      <Filter>Header Files</Filter>
    </ClInclude>
    <ClInclude Include="Include\DataInterface.h">
      <Filter>Header Files</Filter>
    </ClInclude>
    <ClInclude Include="Include\DataSource.h">
      <Filter>Header Files</Filter>
    </ClInclude>
    <ClInclude Include="Include\Device.h">
      <Filter>Header Files</Filter>
    </ClInclude>
    <ClInclude Include="Include\stdafx.h">
      <Filter>Header Files</Filter>
    </ClInclude>
    <ClInclude Include="Include\System.h">
      <Filter>Header Files</Filter>
    </ClInclude>
    <ClInclude Include="Include\targetver.h">
      <Filter>Header Files</Filter>
    </ClInclude>
    <ClInclude Include="Include\Utils.h">
      <Filter>Header Files</Filter>
    </ClInclude>
    <ClInclude Include="Include\Export.h">
      <Filter>Header Files</Filter>
    </ClInclude>
    <ClInclude Include="Include\NewExport.h">
      <Filter>Header Files</Filter>
    </ClInclude>
    <ClInclude Include="Include\NewExportClip.h">
      <Filter>Header Files</Filter>
    </ClInclude>
    <ClInclude Include="Include\PTZController.h">
      <Filter>Header Files</Filter>
    </ClInclude>
    <ClInclude Include="Include\DataSession.h">
      <Filter>Header Files</Filter>
    </ClInclude>
    <ClInclude Include="Include\Event.h">
      <Filter>Header Files</Filter>
    </ClInclude>
    <ClInclude Include="Include\Pattern.h">
      <Filter>Header Files</Filter>
    </ClInclude>
    <ClInclude Include="Include\Preset.h">
      <Filter>Header Files</Filter>
    </ClInclude>
    <ClInclude Include="Include\Situation.h">
      <Filter>Header Files</Filter>
    </ClInclude>
    <ClInclude Include="Include\MediaControl.h">
      <Filter>Header Files</Filter>
    </ClInclude>
  </ItemGroup>
  <ItemGroup>
    <ClCompile Include="Source\Clip.cpp">
      <Filter>Source Files</Filter>
    </ClCompile>
    <ClCompile Include="Source\DataInterface.cpp">
      <Filter>Source Files</Filter>
    </ClCompile>
    <ClCompile Include="Source\DataSource.cpp">
      <Filter>Source Files</Filter>
    </ClCompile>
    <ClCompile Include="Source\Device.cpp">
      <Filter>Source Files</Filter>
    </ClCompile>
    <ClCompile Include="Source\main.cpp">
      <Filter>Source Files</Filter>
    </ClCompile>
    <ClCompile Include="Source\stdafx.cpp">
      <Filter>Source Files</Filter>
    </ClCompile>
    <ClCompile Include="Source\System.cpp">
      <Filter>Source Files</Filter>
    </ClCompile>
    <ClCompile Include="Source\Export.cpp">
      <Filter>Source Files</Filter>
    </ClCompile>
    <ClCompile Include="Source\PTZController.cpp">
      <Filter>Source Files</Filter>
    </ClCompile>
    <ClCompile Include="Source\Situation.cpp">
      <Filter>Source Files</Filter>
    </ClCompile>
    <ClCompile Include="Source\MediaControl.cpp">
      <Filter>Source Files</Filter>
    </ClCompile>
  </ItemGroup>
</Project>