
Microsoft Visual Studio Solution File, Format Version 12.00
# Visual Studio 2013
VisualStudioVersion = 12.0.40629.0
MinimumVisualStudioVersion = 10.0.40219.1
Project("{8BC9CEB8-8B4A-11D0-8D11-00A0C91BC942}") = "CppSamples", "CppSamples120.vcxproj", "{377BA0DC-1CDF-4E4D-B14F-138DE1F789F2}"
	ProjectSection(ProjectDependencies) = postProject
		{882C1F53-F88D-47F1-BC85-623FBE1EB4C5} = {882C1F53-F88D-47F1-BC85-623FBE1EB4C5}
	EndProjectSection
EndProject
Project("{8BC9CEB8-8B4A-11D0-8D11-00A0C91BC942}") = "MediaController", "..\MediaController\MediaController120.vcxproj", "{882C1F53-F88D-47F1-BC85-623FBE1EB4C5}"
EndProject
Global
	GlobalSection(SolutionConfigurationPlatforms) = preSolution
		Debug|Win32 = Debug|Win32
		Debug|x64 = Debug|x64
		Release|Win32 = Release|Win32
		Release|x64 = Release|x64
	EndGlobalSection
	GlobalSection(ProjectConfigurationPlatforms) = postSolution
		{377BA0DC-1CDF-4E4D-B14F-138DE1F789F2}.Debug|Win32.ActiveCfg = Debug|Win32
		{377BA0DC-1CDF-4E4D-B14F-138DE1F789F2}.Debug|Win32.Build.0 = Debug|Win32
		{377BA0DC-1CDF-4E4D-B14F-138DE1F789F2}.Debug|x64.ActiveCfg = Debug|x64
		{377BA0DC-1CDF-4E4D-B14F-138DE1F789F2}.Debug|x64.Build.0 = Debug|x64
		{377BA0DC-1CDF-4E4D-B14F-138DE1F789F2}.Release|Win32.ActiveCfg = Release|Win32
		{377BA0DC-1CDF-4E4D-B14F-138DE1F789F2}.Release|Win32.Build.0 = Release|Win32
		{377BA0DC-1CDF-4E4D-B14F-138DE1F789F2}.Release|x64.ActiveCfg = Release|x64
		{377BA0DC-1CDF-4E4D-B14F-138DE1F789F2}.Release|x64.Build.0 = Release|x64
		{882C1F53-F88D-47F1-BC85-623FBE1EB4C5}.Debug|Win32.ActiveCfg = Debug|Win32
		{882C1F53-F88D-47F1-BC85-623FBE1EB4C5}.Debug|Win32.Build.0 = Debug|Win32
		{882C1F53-F88D-47F1-BC85-623FBE1EB4C5}.Debug|x64.ActiveCfg = Debug|x64
		{882C1F53-F88D-47F1-BC85-623FBE1EB4C5}.Debug|x64.Build.0 = Debug|x64
		{882C1F53-F88D-47F1-BC85-623FBE1EB4C5}.Release|Win32.ActiveCfg = Release|Win32
		{882C1F53-F88D-47F1-BC85-623FBE1EB4C5}.Release|Win32.Build.0 = Release|Win32
		{882C1F53-F88D-47F1-BC85-623FBE1EB4C5}.Release|x64.ActiveCfg = Release|x64
		{882C1F53-F88D-47F1-BC85-623FBE1EB4C5}.Release|x64.Build.0 = Release|x64
	EndGlobalSection
	GlobalSection(SolutionProperties) = preSolution
		HideSolutionNode = FALSE
	EndGlobalSection
EndGlobal
